
Microsoft Visual Studio Solution File, Format Version 12.00
# Visual Studio Version 16
VisualStudioVersion = 16.0.29613.14
MinimumVisualStudioVersion = 10.0.40219.1
Project("{9A19103F-16F7-4668-BE54-9A1E7A4F7556}") = "TaganiWineCellarProject", "TaganiWineCellarProject\TaganiWineCellarProject.csproj", "{CC996B9E-EB86-42E1-9F41-F54807CCC74A}"
EndProject
Project("{9A19103F-16F7-4668-BE54-9A1E7A4F7556}") = "Domain", "Domain\Domain.csproj", "{A6D1B33F-B692-4001-8FC3-EB992F4B97F7}"
EndProject
Project("{FAE04EC0-301F-11D3-BF4B-00C04F79EFBC}") = "Infrastructure", "Infrastructure\Infrastructure.csproj", "{686E49A4-EEB7-46A7-8131-DF383EE008F3}"
EndProject
Project("{FAE04EC0-301F-11D3-BF4B-00C04F79EFBC}") = "Service", "Service\Service.csproj", "{2AE66231-B054-4E9B-8002-40FE390366E4}"
EndProject
Global
	GlobalSection(SolutionConfigurationPlatforms) = preSolution
		Debug|Any CPU = Debug|Any CPU
		Release|Any CPU = Release|Any CPU
	EndGlobalSection
	GlobalSection(ProjectConfigurationPlatforms) = postSolution
		{CC996B9E-EB86-42E1-9F41-F54807CCC74A}.Debug|Any CPU.ActiveCfg = Debug|Any CPU
		{CC996B9E-EB86-42E1-9F41-F54807CCC74A}.Debug|Any CPU.Build.0 = Debug|Any CPU
		{CC996B9E-EB86-42E1-9F41-F54807CCC74A}.Release|Any CPU.ActiveCfg = Release|Any CPU
		{CC996B9E-EB86-42E1-9F41-F54807CCC74A}.Release|Any CPU.Build.0 = Release|Any CPU
		{A6D1B33F-B692-4001-8FC3-EB992F4B97F7}.Debug|Any CPU.ActiveCfg = Debug|Any CPU
		{A6D1B33F-B692-4001-8FC3-EB992F4B97F7}.Debug|Any CPU.Build.0 = Debug|Any CPU
		{A6D1B33F-B692-4001-8FC3-EB992F4B97F7}.Release|Any CPU.ActiveCfg = Release|Any CPU
		{A6D1B33F-B692-4001-8FC3-EB992F4B97F7}.Release|Any CPU.Build.0 = Release|Any CPU
		{686E49A4-EEB7-46A7-8131-DF383EE008F3}.Debug|Any CPU.ActiveCfg = Debug|Any CPU
		{686E49A4-EEB7-46A7-8131-DF383EE008F3}.Debug|Any CPU.Build.0 = Debug|Any CPU
		{686E49A4-EEB7-46A7-8131-DF383EE008F3}.Release|Any CPU.ActiveCfg = Release|Any CPU
		{686E49A4-EEB7-46A7-8131-DF383EE008F3}.Release|Any CPU.Build.0 = Release|Any CPU
		{2AE66231-B054-4E9B-8002-40FE390366E4}.Debug|Any CPU.ActiveCfg = Debug|Any CPU
		{2AE66231-B054-4E9B-8002-40FE390366E4}.Debug|Any CPU.Build.0 = Debug|Any CPU
		{2AE66231-B054-4E9B-8002-40FE390366E4}.Release|Any CPU.ActiveCfg = Release|Any CPU
		{2AE66231-B054-4E9B-8002-40FE390366E4}.Release|Any CPU.Build.0 = Release|Any CPU
	EndGlobalSection
	GlobalSection(SolutionProperties) = preSolution
		HideSolutionNode = FALSE
	EndGlobalSection
	GlobalSection(ExtensibilityGlobals) = postSolution
		SolutionGuid = {D9EF3BE4-62FD-4C16-BA3C-C97664509BB5}
	EndGlobalSection
EndGlobal
